
Microsoft Visual Studio Solution File, Format Version 12.00
# Visual Studio 15
VisualStudioVersion = 15.0.28307.329
MinimumVisualStudioVersion = 10.0.40219.1
Project("{FAE04EC0-301F-11D3-BF4B-00C04F79EFBC}") = "MakeupScheduler.Android", "MakeupScheduler\MakeupScheduler.Android\MakeupScheduler.Android.csproj", "{AF2E7C3E-4E12-462B-9D93-107EC48B9C60}"
EndProject
Project("{FAE04EC0-301F-11D3-BF4B-00C04F79EFBC}") = "MakeupScheduler", "MakeupScheduler\MakeupScheduler\MakeupScheduler.csproj", "{B00CD9ED-DC6E-48EE-99A4-6302797C3AAF}"
EndProject
Global
	GlobalSection(SolutionConfigurationPlatforms) = preSolution
		Debug|Any CPU = Debug|Any CPU
		Release|Any CPU = Release|Any CPU
	EndGlobalSection
	GlobalSection(ProjectConfigurationPlatforms) = postSolution
		{AF2E7C3E-4E12-462B-9D93-107EC48B9C60}.Debug|Any CPU.ActiveCfg = Debug|Any CPU
		{AF2E7C3E-4E12-462B-9D93-107EC48B9C60}.Debug|Any CPU.Build.0 = Debug|Any CPU
		{AF2E7C3E-4E12-462B-9D93-107EC48B9C60}.Debug|Any CPU.Deploy.0 = Debug|Any CPU
		{AF2E7C3E-4E12-462B-9D93-107EC48B9C60}.Release|Any CPU.ActiveCfg = Release|Any CPU
		{AF2E7C3E-4E12-462B-9D93-107EC48B9C60}.Release|Any CPU.Build.0 = Release|Any CPU
		{AF2E7C3E-4E12-462B-9D93-107EC48B9C60}.Release|Any CPU.Deploy.0 = Release|Any CPU
		{B00CD9ED-DC6E-48EE-99A4-6302797C3AAF}.Debug|Any CPU.ActiveCfg = Debug|Any CPU
		{B00CD9ED-DC6E-48EE-99A4-6302797C3AAF}.Debug|Any CPU.Build.0 = Debug|Any CPU
		{B00CD9ED-DC6E-48EE-99A4-6302797C3AAF}.Debug|Any CPU.Deploy.0 = Debug|Any CPU
		{B00CD9ED-DC6E-48EE-99A4-6302797C3AAF}.Release|Any CPU.ActiveCfg = Release|Any CPU
		{B00CD9ED-DC6E-48EE-99A4-6302797C3AAF}.Release|Any CPU.Build.0 = Release|Any CPU
		{B00CD9ED-DC6E-48EE-99A4-6302797C3AAF}.Release|Any CPU.Deploy.0 = Release|Any CPU
	EndGlobalSection
	GlobalSection(SolutionProperties) = preSolution
		HideSolutionNode = FALSE
	EndGlobalSection
	GlobalSection(ExtensibilityGlobals) = postSolution
		SolutionGuid = {E2A37001-36BE-47AD-B904-D565B89537D4}
	EndGlobalSection
EndGlobal
